
Microsoft Visual Studio Solution File, Format Version 12.00
# Visual Studio Version 17
VisualStudioVersion = 17.9.34728.123
MinimumVisualStudioVersion = 10.0.40219.1
Project("{FAE04EC0-301F-11D3-BF4B-00C04F79EFBC}") = "CoffeApp", "CoffeApp\CoffeApp.csproj", "{DF441403-A082-4397-974C-1B1DB4A0E6A6}"
EndProject
Global
	GlobalSection(SolutionConfigurationPlatforms) = preSolution
		Debug|Any CPU = Debug|Any CPU
		Release|Any CPU = Release|Any CPU
	EndGlobalSection
	GlobalSection(ProjectConfigurationPlatforms) = postSolution
		{DF441403-A082-4397-974C-1B1DB4A0E6A6}.Debug|Any CPU.ActiveCfg = Debug|Any CPU
		{DF441403-A082-4397-974C-1B1DB4A0E6A6}.Debug|Any CPU.Build.0 = Debug|Any CPU
		{DF441403-A082-4397-974C-1B1DB4A0E6A6}.Debug|Any CPU.Deploy.0 = Debug|Any CPU
		{DF441403-A082-4397-974C-1B1DB4A0E6A6}.Release|Any CPU.ActiveCfg = Release|Any CPU
		{DF441403-A082-4397-974C-1B1DB4A0E6A6}.Release|Any CPU.Build.0 = Release|Any CPU
		{DF441403-A082-4397-974C-1B1DB4A0E6A6}.Release|Any CPU.Deploy.0 = Release|Any CPU
	EndGlobalSection
	GlobalSection(SolutionProperties) = preSolution
		HideSolutionNode = FALSE
	EndGlobalSection
	GlobalSection(ExtensibilityGlobals) = postSolution
		SolutionGuid = {424DA7A3-F087-4F7C-A017-C04B93675014}
	EndGlobalSection
EndGlobal
